
Microsoft Visual Studio Solution File, Format Version 12.00
# Visual Studio Version 17
VisualStudioVersion = 17.3.32922.545
MinimumVisualStudioVersion = 10.0.40219.1
Project("{9A19103F-16F7-4668-BE54-9A1E7A4F7556}") = "HCMIS", "HCMIS\HCMIS.csproj", "{8A80BD6D-9B7B-432B-911B-B497235963FD}"
EndProject
Project("{2150E333-8FDC-42A3-9474-1A3956D46DE8}") = "Solution Items", "Solution Items", "{17542330-1499-4EB3-B7E2-88A709423792}"
	ProjectSection(SolutionItems) = preProject
		.editorconfig = .editorconfig
	EndProjectSection
EndProject
Global
	GlobalSection(SolutionConfigurationPlatforms) = preSolution
		Debug|Any CPU = Debug|Any CPU
		Release|Any CPU = Release|Any CPU
	EndGlobalSection
	GlobalSection(ProjectConfigurationPlatforms) = postSolution
		{8A80BD6D-9B7B-432B-911B-B497235963FD}.Debug|Any CPU.ActiveCfg = Debug|Any CPU
		{8A80BD6D-9B7B-432B-911B-B497235963FD}.Debug|Any CPU.Build.0 = Debug|Any CPU
		{8A80BD6D-9B7B-432B-911B-B497235963FD}.Release|Any CPU.ActiveCfg = Release|Any CPU
		{8A80BD6D-9B7B-432B-911B-B497235963FD}.Release|Any CPU.Build.0 = Release|Any CPU
	EndGlobalSection
	GlobalSection(SolutionProperties) = preSolution
		HideSolutionNode = FALSE
	EndGlobalSection
	GlobalSection(ExtensibilityGlobals) = postSolution
		SolutionGuid = {E6F1F12A-CFAE-4799-980A-140E640CFDD6}
	EndGlobalSection
EndGlobal
